// !$*UTF8*$!
{
	archiveVersion = 1;
	classes = {
	};
	objectVersion = 46;
	objects = {

/* Begin PBXBuildFile section */
		2148F96F1A9F1C4E0046CEE9 /* main.m in Sources */ = {isa = PBXBuildFile; fileRef = 2148F96E1A9F1C4E0046CEE9 /* main.m */; };
		2148F9721A9F1C4E0046CEE9 /* AppDelegate.m in Sources */ = {isa = PBXBuildFile; fileRef = 2148F9711A9F1C4E0046CEE9 /* AppDelegate.m */; };
		2148F9751A9F1C4E0046CEE9 /* ViewController.m in Sources */ = {isa = PBXBuildFile; fileRef = 2148F9741A9F1C4E0046CEE9 /* ViewController.m */; };
		2148F9781A9F1C4E0046CEE9 /* Main.storyboard in Resources */ = {isa = PBXBuildFile; fileRef = 2148F9761A9F1C4E0046CEE9 /* Main.storyboard */; };
		2148F97A1A9F1C4E0046CEE9 /* Images.xcassets in Resources */ = {isa = PBXBuildFile; fileRef = 2148F9791A9F1C4E0046CEE9 /* Images.xcassets */; };
		2148F97D1A9F1C4E0046CEE9 /* LaunchScreen.xib in Resources */ = {isa = PBXBuildFile; fileRef = 2148F97B1A9F1C4E0046CEE9 /* LaunchScreen.xib */; };
		2148F9891A9F1C4E0046CEE9 /* TestSceneEffectTests.m in Sources */ = {isa = PBXBuildFile; fileRef = 2148F9881A9F1C4E0046CEE9 /* TestSceneEffectTests.m */; };
		2148F9991A9F1CBD0046CEE9 /* AVBasicBottomAnimate.m in Sources */ = {isa = PBXBuildFile; fileRef = 2148F9961A9F1CBD0046CEE9 /* AVBasicBottomAnimate.m */; };
		2148F99A1A9F1CBD0046CEE9 /* AVBasicRouteAnimate.m in Sources */ = {isa = PBXBuildFile; fileRef = 2148F9981A9F1CBD0046CEE9 /* AVBasicRouteAnimate.m */; };
		2148F99D1A9F1E1E0046CEE9 /* QuartzCore.framework in Frameworks */ = {isa = PBXBuildFile; fileRef = 2148F99C1A9F1E1E0046CEE9 /* QuartzCore.framework */; };
		2148F99F1A9F1E300046CEE9 /* UIKit.framework in Frameworks */ = {isa = PBXBuildFile; fileRef = 2148F99E1A9F1E300046CEE9 /* UIKit.framework */; };
		2148F9A11A9F1E4C0046CEE9 /* CoreGraphics.framework in Frameworks */ = {isa = PBXBuildFile; fileRef = 2148F9A01A9F1E4C0046CEE9 /* CoreGraphics.framework */; };
		21E05D8D1AA009C6007EC826 /* invite2.jpg in Resources */ = {isa = PBXBuildFile; fileRef = 21E05D8B1AA009C6007EC826 /* invite2.jpg */; };
		21E05D941AA01335007EC826 /* GeometryGradientLayer.m in Sources */ = {isa = PBXBuildFile; fileRef = 21E05D931AA01335007EC826 /* GeometryGradientLayer.m */; };
		421014551AA60A1D003207A5 /* camra2.jpg in Resources */ = {isa = PBXBuildFile; fileRef = 421014541AA60A1D003207A5 /* camra2.jpg */; };
/* End PBXBuildFile section */

/* Begin PBXContainerItemProxy section */
		2148F9831A9F1C4E0046CEE9 /* PBXContainerItemProxy */ = {
			isa = PBXContainerItemProxy;
			containerPortal = 2148F9611A9F1C4E0046CEE9 /* Project object */;
			proxyType = 1;
			remoteGlobalIDString = 2148F9681A9F1C4E0046CEE9;
			remoteInfo = TestSceneEffect;
		};
/* End PBXContainerItemProxy section */

/* Begin PBXFileReference section */
		2148F9691A9F1C4E0046CEE9 /* TestSceneEffect.app */ = {isa = PBXFileReference; explicitFileType = wrapper.application; includeInIndex = 0; path = TestSceneEffect.app; sourceTree = BUILT_PRODUCTS_DIR; };
		2148F96D1A9F1C4E0046CEE9 /* Info.plist */ = {isa = PBXFileReference; lastKnownFileType = text.plist.xml; path = Info.plist; sourceTree = "<group>"; };
		2148F96E1A9F1C4E0046CEE9 /* main.m */ = {isa = PBXFileReference; lastKnownFileType = sourcecode.c.objc; path = main.m; sourceTree = "<group>"; };
		2148F9701A9F1C4E0046CEE9 /* AppDelegate.h */ = {isa = PBXFileReference; lastKnownFileType = sourcecode.c.h; path = AppDelegate.h; sourceTree = "<group>"; };
		2148F9711A9F1C4E0046CEE9 /* AppDelegate.m */ = {isa = PBXFileReference; lastKnownFileType = sourcecode.c.objc; path = AppDelegate.m; sourceTree = "<group>"; };
		2148F9731A9F1C4E0046CEE9 /* ViewController.h */ = {isa = PBXFileReference; lastKnownFileType = sourcecode.c.h; path = ViewController.h; sourceTree = "<group>"; };
		2148F9741A9F1C4E0046CEE9 /* ViewController.m */ = {isa = PBXFileReference; lastKnownFileType = sourcecode.c.objc; path = ViewController.m; sourceTree = "<group>"; };
		2148F9771A9F1C4E0046CEE9 /* Base */ = {isa = PBXFileReference; lastKnownFileType = file.storyboard; name = Base; path = Base.lproj/Main.storyboard; sourceTree = "<group>"; };
		2148F9791A9F1C4E0046CEE9 /* Images.xcassets */ = {isa = PBXFileReference; lastKnownFileType = folder.assetcatalog; path = Images.xcassets; sourceTree = "<group>"; };
		2148F97C1A9F1C4E0046CEE9 /* Base */ = {isa = PBXFileReference; lastKnownFileType = file.xib; name = Base; path = Base.lproj/LaunchScreen.xib; sourceTree = "<group>"; };
		2148F9821A9F1C4E0046CEE9 /* TestSceneEffectTests.xctest */ = {isa = PBXFileReference; explicitFileType = wrapper.cfbundle; includeInIndex = 0; path = TestSceneEffectTests.xctest; sourceTree = BUILT_PRODUCTS_DIR; };
		2148F9871A9F1C4E0046CEE9 /* Info.plist */ = {isa = PBXFileReference; lastKnownFileType = text.plist.xml; path = Info.plist; sourceTree = "<group>"; };
		2148F9881A9F1C4E0046CEE9 /* TestSceneEffectTests.m */ = {isa = PBXFileReference; lastKnownFileType = sourcecode.c.objc; path = TestSceneEffectTests.m; sourceTree = "<group>"; };
		2148F9941A9F1CBD0046CEE9 /* AVBasicAnimate.h */ = {isa = PBXFileReference; fileEncoding = 4; lastKnownFileType = sourcecode.c.h; path = AVBasicAnimate.h; sourceTree = "<group>"; };
		2148F9951A9F1CBD0046CEE9 /* AVBasicBottomAnimate.h */ = {isa = PBXFileReference; fileEncoding = 4; lastKnownFileType = sourcecode.c.h; path = AVBasicBottomAnimate.h; sourceTree = "<group>"; };
		2148F9961A9F1CBD0046CEE9 /* AVBasicBottomAnimate.m */ = {isa = PBXFileReference; fileEncoding = 4; lastKnownFileType = sourcecode.c.objc; path = AVBasicBottomAnimate.m; sourceTree = "<group>"; };
		2148F9971A9F1CBD0046CEE9 /* AVBasicRouteAnimate.h */ = {isa = PBXFileReference; fileEncoding = 4; lastKnownFileType = sourcecode.c.h; path = AVBasicRouteAnimate.h; sourceTree = "<group>"; };
		2148F9981A9F1CBD0046CEE9 /* AVBasicRouteAnimate.m */ = {isa = PBXFileReference; fileEncoding = 4; lastKnownFileType = sourcecode.c.objc; path = AVBasicRouteAnimate.m; sourceTree = "<group>"; };
		2148F99B1A9F1D780046CEE9 /* testConstant.h */ = {isa = PBXFileReference; fileEncoding = 4; lastKnownFileType = sourcecode.c.h; path = testConstant.h; sourceTree = "<group>"; };
		2148F99C1A9F1E1E0046CEE9 /* QuartzCore.framework */ = {isa = PBXFileReference; lastKnownFileType = wrapper.framework; name = QuartzCore.framework; path = System/Library/Frameworks/QuartzCore.framework; sourceTree = SDKROOT; };
		2148F99E1A9F1E300046CEE9 /* UIKit.framework */ = {isa = PBXFileReference; lastKnownFileType = wrapper.framework; name = UIKit.framework; path = System/Library/Frameworks/UIKit.framework; sourceTree = SDKROOT; };
		2148F9A01A9F1E4C0046CEE9 /* CoreGraphics.framework */ = {isa = PBXFileReference; lastKnownFileType = wrapper.framework; name = CoreGraphics.framework; path = System/Library/Frameworks/CoreGraphics.framework; sourceTree = SDKROOT; };
		21E05D8B1AA009C6007EC826 /* invite2.jpg */ = {isa = PBXFileReference; lastKnownFileType = image.jpeg; path = invite2.jpg; sourceTree = "<group>"; };
		21E05D921AA01335007EC826 /* GeometryGradientLayer.h */ = {isa = PBXFileReference; fileEncoding = 4; lastKnownFileType = sourcecode.c.h; path = GeometryGradientLayer.h; sourceTree = "<group>"; };
		21E05D931AA01335007EC826 /* GeometryGradientLayer.m */ = {isa = PBXFileReference; fileEncoding = 4; lastKnownFileType = sourcecode.c.objc; path = GeometryGradientLayer.m; sourceTree = "<group>"; };
		421014541AA60A1D003207A5 /* camra2.jpg */ = {isa = PBXFileReference; lastKnownFileType = image.jpeg; path = camra2.jpg; sourceTree = "<group>"; };
/* End PBXFileReference section */

/* Begin PBXFrameworksBuildPhase section */
		2148F9661A9F1C4E0046CEE9 /* Frameworks */ = {
			isa = PBXFrameworksBuildPhase;
			buildActionMask = 2147483647;
			files = (
				2148F9A11A9F1E4C0046CEE9 /* CoreGraphics.framework in Frameworks */,
				2148F99F1A9F1E300046CEE9 /* UIKit.framework in Frameworks */,
				2148F99D1A9F1E1E0046CEE9 /* QuartzCore.framework in Frameworks */,
			);
			runOnlyForDeploymentPostprocessing = 0;
		};
		2148F97F1A9F1C4E0046CEE9 /* Frameworks */ = {
			isa = PBXFrameworksBuildPhase;
			buildActionMask = 2147483647;
			files = (
			);
			runOnlyForDeploymentPostprocessing = 0;
		};
/* End PBXFrameworksBuildPhase section */

/* Begin PBXGroup section */
		2148F9601A9F1C4E0046CEE9 = {
			isa = PBXGroup;
			children = (
				2148F96B1A9F1C4E0046CEE9 /* TestSceneEffect */,
				2148F9851A9F1C4E0046CEE9 /* TestSceneEffectTests */,
				2148F96A1A9F1C4E0046CEE9 /* Products */,
			);
			sourceTree = "<group>";
		};
		2148F96A1A9F1C4E0046CEE9 /* Products */ = {
			isa = PBXGroup;
			children = (
				2148F9691A9F1C4E0046CEE9 /* TestSceneEffect.app */,
				2148F9821A9F1C4E0046CEE9 /* TestSceneEffectTests.xctest */,
			);
			name = Products;
			sourceTree = "<group>";
		};
		2148F96B1A9F1C4E0046CEE9 /* TestSceneEffect */ = {
			isa = PBXGroup;
			children = (
				2148F9921A9F1C630046CEE9 /* AVLayer */,
				2148F9701A9F1C4E0046CEE9 /* AppDelegate.h */,
				2148F9711A9F1C4E0046CEE9 /* AppDelegate.m */,
				2148F9731A9F1C4E0046CEE9 /* ViewController.h */,
				2148F9741A9F1C4E0046CEE9 /* ViewController.m */,
				2148F9761A9F1C4E0046CEE9 /* Main.storyboard */,
				2148F9791A9F1C4E0046CEE9 /* Images.xcassets */,
				2148F97B1A9F1C4E0046CEE9 /* LaunchScreen.xib */,
				2148F96C1A9F1C4E0046CEE9 /* Supporting Files */,
			);
			path = TestSceneEffect;
			sourceTree = "<group>";
		};
		2148F96C1A9F1C4E0046CEE9 /* Supporting Files */ = {
			isa = PBXGroup;
			children = (
				421014541AA60A1D003207A5 /* camra2.jpg */,
				21E05D8B1AA009C6007EC826 /* invite2.jpg */,
				2148F96D1A9F1C4E0046CEE9 /* Info.plist */,
				2148F96E1A9F1C4E0046CEE9 /* main.m */,
			);
			name = "Supporting Files";
			sourceTree = "<group>";
		};
		2148F9851A9F1C4E0046CEE9 /* TestSceneEffectTests */ = {
			isa = PBXGroup;
			children = (
				2148F9A01A9F1E4C0046CEE9 /* CoreGraphics.framework */,
				2148F99E1A9F1E300046CEE9 /* UIKit.framework */,
				2148F99C1A9F1E1E0046CEE9 /* QuartzCore.framework */,
				2148F9881A9F1C4E0046CEE9 /* TestSceneEffectTests.m */,
				2148F9861A9F1C4E0046CEE9 /* Supporting Files */,
			);
			path = TestSceneEffectTests;
			sourceTree = "<group>";
		};
		2148F9861A9F1C4E0046CEE9 /* Supporting Files */ = {
			isa = PBXGroup;
			children = (
				2148F9871A9F1C4E0046CEE9 /* Info.plist */,
			);
			name = "Supporting Files";
			sourceTree = "<group>";
		};
		2148F9921A9F1C630046CEE9 /* AVLayer */ = {
			isa = PBXGroup;
			children = (
				2148F9931A9F1CBD0046CEE9 /* AVBasicAnimate */,
				2148F99B1A9F1D780046CEE9 /* testConstant.h */,
				21E05D921AA01335007EC826 /* GeometryGradientLayer.h */,
				21E05D931AA01335007EC826 /* GeometryGradientLayer.m */,
			);
			name = AVLayer;
			sourceTree = "<group>";
		};
		2148F9931A9F1CBD0046CEE9 /* AVBasicAnimate */ = {
			isa = PBXGroup;
			children = (
				2148F9941A9F1CBD0046CEE9 /* AVBasicAnimate.h */,
				2148F9951A9F1CBD0046CEE9 /* AVBasicBottomAnimate.h */,
				2148F9961A9F1CBD0046CEE9 /* AVBasicBottomAnimate.m */,
				2148F9971A9F1CBD0046CEE9 /* AVBasicRouteAnimate.h */,
				2148F9981A9F1CBD0046CEE9 /* AVBasicRouteAnimate.m */,
			);
			path = AVBasicAnimate;
			sourceTree = "<group>";
		};
/* End PBXGroup section */

/* Begin PBXNativeTarget section */
		2148F9681A9F1C4E0046CEE9 /* TestSceneEffect */ = {
			isa = PBXNativeTarget;
			buildConfigurationList = 2148F98C1A9F1C4E0046CEE9 /* Build configuration list for PBXNativeTarget "TestSceneEffect" */;
			buildPhases = (
				2148F9651A9F1C4E0046CEE9 /* Sources */,
				2148F9661A9F1C4E0046CEE9 /* Frameworks */,
				2148F9671A9F1C4E0046CEE9 /* Resources */,
			);
			buildRules = (
			);
			dependencies = (
			);
			name = TestSceneEffect;
			productName = TestSceneEffect;
			productReference = 2148F9691A9F1C4E0046CEE9 /* TestSceneEffect.app */;
			productType = "com.apple.product-type.application";
		};
		2148F9811A9F1C4E0046CEE9 /* TestSceneEffectTests */ = {
			isa = PBXNativeTarget;
			buildConfigurationList = 2148F98F1A9F1C4E0046CEE9 /* Build configuration list for PBXNativeTarget "TestSceneEffectTests" */;
			buildPhases = (
				2148F97E1A9F1C4E0046CEE9 /* Sources */,
				2148F97F1A9F1C4E0046CEE9 /* Frameworks */,
				2148F9801A9F1C4E0046CEE9 /* Resources */,
			);
			buildRules = (
			);
			dependencies = (
				2148F9841A9F1C4E0046CEE9 /* PBXTargetDependency */,
			);
			name = TestSceneEffectTests;
			productName = TestSceneEffectTests;
			productReference = 2148F9821A9F1C4E0046CEE9 /* TestSceneEffectTests.xctest */;
			productType = "com.apple.product-type.bundle.unit-test";
		};
/* End PBXNativeTarget section */

/* Begin PBXProject section */
		2148F9611A9F1C4E0046CEE9 /* Project object */ = {
			isa = PBXProject;
			attributes = {
				LastUpgradeCheck = 0610;
				ORGANIZATIONNAME = robin;
				TargetAttributes = {
					2148F9681A9F1C4E0046CEE9 = {
						CreatedOnToolsVersion = 6.1.1;
					};
					2148F9811A9F1C4E0046CEE9 = {
						CreatedOnToolsVersion = 6.1.1;
						TestTargetID = 2148F9681A9F1C4E0046CEE9;
					};
				};
			};
			buildConfigurationList = 2148F9641A9F1C4E0046CEE9 /* Build configuration list for PBXProject "TestSceneEffect" */;
			compatibilityVersion = "Xcode 3.2";
			developmentRegion = English;
			hasScannedForEncodings = 0;
			knownRegions = (
				en,
				Base,
			);
			mainGroup = 2148F9601A9F1C4E0046CEE9;
			productRefGroup = 2148F96A1A9F1C4E0046CEE9 /* Products */;
			projectDirPath = "";
			projectRoot = "";
			targets = (
				2148F9681A9F1C4E0046CEE9 /* TestSceneEffect */,
				2148F9811A9F1C4E0046CEE9 /* TestSceneEffectTests */,
			);
		};
/* End PBXProject section */

/* Begin PBXResourcesBuildPhase section */
		2148F9671A9F1C4E0046CEE9 /* Resources */ = {
			isa = PBXResourcesBuildPhase;
			buildActionMask = 2147483647;
			files = (
				2148F9781A9F1C4E0046CEE9 /* Main.storyboard in Resources */,
				2148F97D1A9F1C4E0046CEE9 /* LaunchScreen.xib in Resources */,
				2148F97A1A9F1C4E0046CEE9 /* Images.xcassets in Resources */,
				21E05D8D1AA009C6007EC826 /* invite2.jpg in Resources */,
				421014551AA60A1D003207A5 /* camra2.jpg in Resources */,
			);
			runOnlyForDeploymentPostprocessing = 0;
		};
		2148F9801A9F1C4E0046CEE9 /* Resources */ = {
			isa = PBXResourcesBuildPhase;
			buildActionMask = 2147483647;
			files = (
			);
			runOnlyForDeploymentPostprocessing = 0;
		};
/* End PBXResourcesBuildPhase section */

/* Begin PBXSourcesBuildPhase section */
		2148F9651A9F1C4E0046CEE9 /* Sources */ = {
			isa = PBXSourcesBuildPhase;
			buildActionMask = 2147483647;
			files = (
				2148F99A1A9F1CBD0046CEE9 /* AVBasicRouteAnimate.m in Sources */,
				2148F9751A9F1C4E0046CEE9 /* ViewController.m in Sources */,
				2148F9721A9F1C4E0046CEE9 /* AppDelegate.m in Sources */,
				21E05D941AA01335007EC826 /* GeometryGradientLayer.m in Sources */,
				2148F9991A9F1CBD0046CEE9 /* AVBasicBottomAnimate.m in Sources */,
				2148F96F1A9F1C4E0046CEE9 /* main.m in Sources */,
			);
			runOnlyForDeploymentPostprocessing = 0;
		};
		2148F97E1A9F1C4E0046CEE9 /* Sources */ = {
			isa = PBXSourcesBuildPhase;
			buildActionMask = 2147483647;
			files = (
				2148F9891A9F1C4E0046CEE9 /* TestSceneEffectTests.m in Sources */,
			);
			runOnlyForDeploymentPostprocessing = 0;
		};
/* End PBXSourcesBuildPhase section */

/* Begin PBXTargetDependency section */
		2148F9841A9F1C4E0046CEE9 /* PBXTargetDependency */ = {
			isa = PBXTargetDependency;
			target = 2148F9681A9F1C4E0046CEE9 /* TestSceneEffect */;
			targetProxy = 2148F9831A9F1C4E0046CEE9 /* PBXContainerItemProxy */;
		};
/* End PBXTargetDependency section */

/* Begin PBXVariantGroup section */
		2148F9761A9F1C4E0046CEE9 /* Main.storyboard */ = {
			isa = PBXVariantGroup;
			children = (
				2148F9771A9F1C4E0046CEE9 /* Base */,
			);
			name = Main.storyboard;
			sourceTree = "<group>";
		};
		2148F97B1A9F1C4E0046CEE9 /* LaunchScreen.xib */ = {
			isa = PBXVariantGroup;
			children = (
				2148F97C1A9F1C4E0046CEE9 /* Base */,
			);
			name = LaunchScreen.xib;
			sourceTree = "<group>";
		};
/* End PBXVariantGroup section */

/* Begin XCBuildConfiguration section */
		2148F98A1A9F1C4E0046CEE9 /* Debug */ = {
			isa = XCBuildConfiguration;
			buildSettings = {
				ALWAYS_SEARCH_USER_PATHS = NO;
				CLANG_CXX_LANGUAGE_STANDARD = "gnu++0x";
				CLANG_CXX_LIBRARY = "libc++";
				CLANG_ENABLE_MODULES = YES;
				CLANG_ENABLE_OBJC_ARC = YES;
				CLANG_WARN_BOOL_CONVERSION = YES;
				CLANG_WARN_CONSTANT_CONVERSION = YES;
				CLANG_WARN_DIRECT_OBJC_ISA_USAGE = YES_ERROR;
				CLANG_WARN_EMPTY_BODY = YES;
				CLANG_WARN_ENUM_CONVERSION = YES;
				CLANG_WARN_INT_CONVERSION = YES;
				CLANG_WARN_OBJC_ROOT_CLASS = YES_ERROR;
				CLANG_WARN_UNREACHABLE_CODE = YES;
				CLANG_WARN__DUPLICATE_METHOD_MATCH = YES;
				"CODE_SIGN_IDENTITY[sdk=iphoneos*]" = "iPhone Developer";
				COPY_PHASE_STRIP = NO;
				ENABLE_STRICT_OBJC_MSGSEND = YES;
				GCC_C_LANGUAGE_STANDARD = gnu99;
				GCC_DYNAMIC_NO_PIC = NO;
				GCC_OPTIMIZATION_LEVEL = 0;
				GCC_PREPROCESSOR_DEFINITIONS = (
					"DEBUG=1",
					"$(inherited)",
				);
				GCC_SYMBOLS_PRIVATE_EXTERN = NO;
				GCC_WARN_64_TO_32_BIT_CONVERSION = YES;
				GCC_WARN_ABOUT_RETURN_TYPE = YES_ERROR;
				GCC_WARN_UNDECLARED_SELECTOR = YES;
				GCC_WARN_UNINITIALIZED_AUTOS = YES_AGGRESSIVE;
				GCC_WARN_UNUSED_FUNCTION = YES;
				GCC_WARN_UNUSED_VARIABLE = YES;
				IPHONEOS_DEPLOYMENT_TARGET = 8.1;
				MTL_ENABLE_DEBUG_INFO = YES;
				ONLY_ACTIVE_ARCH = YES;
				SDKROOT = iphoneos;
				TARGETED_DEVICE_FAMILY = "1,2";
			};
			name = Debug;
		};
		2148F98B1A9F1C4E0046CEE9 /* Release */ = {
			isa = XCBuildConfiguration;
			buildSettings = {
				ALWAYS_SEARCH_USER_PATHS = NO;
				CLANG_CXX_LANGUAGE_STANDARD = "gnu++0x";
				CLANG_CXX_LIBRARY = "libc++";
				CLANG_ENABLE_MODULES = YES;
				CLANG_ENABLE_OBJC_ARC = YES;
				CLANG_WARN_BOOL_CONVERSION = YES;
				CLANG_WARN_CONSTANT_CONVERSION = YES;
				CLANG_WARN_DIRECT_OBJC_ISA_USAGE = YES_ERROR;
				CLANG_WARN_EMPTY_BODY = YES;
				CLANG_WARN_ENUM_CONVERSION = YES;
				CLANG_WARN_INT_CONVERSION = YES;
				CLANG_WARN_OBJC_ROOT_CLASS = YES_ERROR;
				CLANG_WARN_UNREACHABLE_CODE = YES;
				CLANG_WARN__DUPLICATE_METHOD_MATCH = YES;
				"CODE_SIGN_IDENTITY[sdk=iphoneos*]" = "iPhone Developer";
				COPY_PHASE_STRIP = YES;
				ENABLE_NS_ASSERTIONS = NO;
				ENABLE_STRICT_OBJC_MSGSEND = YES;
				GCC_C_LANGUAGE_STANDARD = gnu99;
				GCC_WARN_64_TO_32_BIT_CONVERSION = YES;
				GCC_WARN_ABOUT_RETURN_TYPE = YES_ERROR;
				GCC_WARN_UNDECLARED_SELECTOR = YES;
				GCC_WARN_UNINITIALIZED_AUTOS = YES_AGGRESSIVE;
				GCC_WARN_UNUSED_FUNCTION = YES;
				GCC_WARN_UNUSED_VARIABLE = YES;
				IPHONEOS_DEPLOYMENT_TARGET = 8.1;
				MTL_ENABLE_DEBUG_INFO = NO;
				SDKROOT = iphoneos;
				TARGETED_DEVICE_FAMILY = "1,2";
				VALIDATE_PRODUCT = YES;
			};
			name = Release;
		};
		2148F98D1A9F1C4E0046CEE9 /* Debug */ = {
			isa = XCBuildConfiguration;
			buildSettings = {
				ASSETCATALOG_COMPILER_APPICON_NAME = AppIcon;
				INFOPLIST_FILE = TestSceneEffect/Info.plist;
				LD_RUNPATH_SEARCH_PATHS = "$(inherited) @executable_path/Frameworks";
				PRODUCT_NAME = "$(TARGET_NAME)";
			};
			name = Debug;
		};
		2148F98E1A9F1C4E0046CEE9 /* Release */ = {
			isa = XCBuildConfiguration;
			buildSettings = {
				ASSETCATALOG_COMPILER_APPICON_NAME = AppIcon;
				INFOPLIST_FILE = TestSceneEffect/Info.plist;
				LD_RUNPATH_SEARCH_PATHS = "$(inherited) @executable_path/Frameworks";
				PRODUCT_NAME = "$(TARGET_NAME)";
			};
			name = Release;
		};
		2148F9901A9F1C4E0046CEE9 /* Debug */ = {
			isa = XCBuildConfiguration;
			buildSettings = {
				BUNDLE_LOADER = "$(TEST_HOST)";
				FRAMEWORK_SEARCH_PATHS = (
					"$(SDKROOT)/Developer/Library/Frameworks",
					"$(inherited)",
				);
				GCC_PREPROCESSOR_DEFINITIONS = (
					"DEBUG=1",
					"$(inherited)",
				);
				INFOPLIST_FILE = TestSceneEffectTests/Info.plist;
				LD_RUNPATH_SEARCH_PATHS = "$(inherited) @executable_path/Frameworks @loader_path/Frameworks";
				PRODUCT_NAME = "$(TARGET_NAME)";
				TEST_HOST = "$(BUILT_PRODUCTS_DIR)/TestSceneEffect.app/TestSceneEffect";
			};
			name = Debug;
		};
		2148F9911A9F1C4E0046CEE9 /* Release */ = {
			isa = XCBuildConfiguration;
			buildSettings = {
				BUNDLE_LOADER = "$(TEST_HOST)";
				FRAMEWORK_SEARCH_PATHS = (
					"$(SDKROOT)/Developer/Library/Frameworks",
					"$(inherited)",
				);
				INFOPLIST_FILE = TestSceneEffectTests/Info.plist;
				LD_RUNPATH_SEARCH_PATHS = "$(inherited) @executable_path/Frameworks @loader_path/Frameworks";
				PRODUCT_NAME = "$(TARGET_NAME)";
				TEST_HOST = "$(BUILT_PRODUCTS_DIR)/TestSceneEffect.app/TestSceneEffect";
			};
			name = Release;
		};
/* End XCBuildConfiguration section */

/* Begin XCConfigurationList section */
		2148F9641A9F1C4E0046CEE9 /* Build configuration list for PBXProject "TestSceneEffect" */ = {
			isa = XCConfigurationList;
			buildConfigurations = (
				2148F98A1A9F1C4E0046CEE9 /* Debug */,
				2148F98B1A9F1C4E0046CEE9 /* Release */,
			);
			defaultConfigurationIsVisible = 0;
			defaultConfigurationName = Release;
		};
		2148F98C1A9F1C4E0046CEE9 /* Build configuration list for PBXNativeTarget "TestSceneEffect" */ = {
			isa = XCConfigurationList;
			buildConfigurations = (
				2148F98D1A9F1C4E0046CEE9 /* Debug */,
				2148F98E1A9F1C4E0046CEE9 /* Release */,
			);
			defaultConfigurationIsVisible = 0;
			defaultConfigurationName = Release;
		};
		2148F98F1A9F1C4E0046CEE9 /* Build configuration list for PBXNativeTarget "TestSceneEffectTests" */ = {
			isa = XCConfigurationList;
			buildConfigurations = (
				2148F9901A9F1C4E0046CEE9 /* Debug */,
				2148F9911A9F1C4E0046CEE9 /* Release */,
			);
			defaultConfigurationIsVisible = 0;
			defaultConfigurationName = Release;
		};
/* End XCConfigurationList section */
	};
	rootObject = 2148F9611A9F1C4E0046CEE9 /* Project object */;
}
